
Microsoft Visual Studio Solution File, Format Version 12.00
# Visual Studio 15
VisualStudioVersion = 15.0.28307.1525
MinimumVisualStudioVersion = 10.0.40219.1
Project("{FAE04EC0-301F-11D3-BF4B-00C04F79EFBC}") = "Vidly", "Vidly\Vidly.csproj", "{9F65D420-8A18-4159-AE0C-83354FAB1AD6}"
EndProject
Global
	GlobalSection(SolutionConfigurationPlatforms) = preSolution
		Debug|Any CPU = Debug|Any CPU
		Release|Any CPU = Release|Any CPU
	EndGlobalSection
	GlobalSection(ProjectConfigurationPlatforms) = postSolution
		{9F65D420-8A18-4159-AE0C-83354FAB1AD6}.Debug|Any CPU.ActiveCfg = Debug|Any CPU
		{9F65D420-8A18-4159-AE0C-83354FAB1AD6}.Debug|Any CPU.Build.0 = Debug|Any CPU
		{9F65D420-8A18-4159-AE0C-83354FAB1AD6}.Release|Any CPU.ActiveCfg = Release|Any CPU
		{9F65D420-8A18-4159-AE0C-83354FAB1AD6}.Release|Any CPU.Build.0 = Release|Any CPU
	EndGlobalSection
	GlobalSection(SolutionProperties) = preSolution
		HideSolutionNode = FALSE
	EndGlobalSection
	GlobalSection(ExtensibilityGlobals) = postSolution
		SolutionGuid = {4E50128F-7CB6-4635-A78C-7D17527808AC}
	EndGlobalSection
EndGlobal
